# Generated by conda-lock.
# platform: linux-64
# input_hash: f59bf9aae61adaca9c11634ff1602f0c7cb2090a5918188a8b4a20d11d7daad9

channels:
  - conda-forge
dependencies:
  - _openmp_mutex=4.5=20_gnu
  - _python_abi3_support=1.0=hd8ed1ab_2
  - annotated-types=0.7.0=pyhd8ed1ab_1
  - appdirs=1.4.4=pyhd8ed1ab_1
  - asttokens=3.0.1=pyhd8ed1ab_0
  - aws-c-auth=0.10.1=h2d2dd48_2
  - aws-c-cal=0.9.13=h2c9d079_1
  - aws-c-common=0.12.6=hb03c661_0
  - aws-c-compression=0.3.2=h8b1a151_0
  - aws-c-event-stream=0.6.0=h9b893ba_1
  - aws-c-http=0.10.12=h4bacb7b_1
  - aws-c-io=0.26.3=hc87160b_0
  - aws-c-mqtt=0.15.2=he9ea9c5_1
  - aws-c-s3=0.11.5=h6d69fc9_5
  - aws-c-sdkutils=0.2.4=h8b1a151_4
  - aws-checksums=0.2.10=h8b1a151_0
  - aws-crt-cpp=0.37.4=h4c8aef7_3
  - aws-sdk-cpp=1.11.747=hc3785e1_3
  - azure-core-cpp=1.16.2=h206d751_0
  - azure-identity-cpp=1.13.3=hed0cdb0_1
  - azure-storage-blobs-cpp=12.16.0=hdd73cc9_1
  - azure-storage-common-cpp=12.12.0=ha7a2c86_1
  - azure-storage-files-datalake-cpp=12.14.0=h52c5a47_1
  - backports=1.0=pyhd8ed1ab_5
  - backports.tarfile=1.2.0=pyhcf101f3_2
  - black=26.3.1=pyh866005b_0
  - bottleneck=1.6.0=np2py312hfb8c2c5_3
  - brotli=1.2.0=hed03a55_1
  - brotli-bin=1.2.0=hb03c661_1
  - brotli-python=1.2.0=py312hdb49522_1
  - bzip2=1.0.8=hda65f42_9
  - c-ares=1.34.6=hb03c661_0
  - ca-certificates=2026.2.25=hbd8a1cb_0
  - cachecontrol=0.14.3=pyha770c72_0
  - cachecontrol-with-filecache=0.14.3=pyhd8ed1ab_0
  - cachetools=7.0.5=pyhd8ed1ab_0
  - cachy=0.3.0=pyhd8ed1ab_2
  - certifi=2026.2.25=pyhd8ed1ab_0
  - cffi=2.0.0=py312h460c074_1
  - cfgv=3.5.0=pyhd8ed1ab_0
  - charset-normalizer=3.4.7=pyhd8ed1ab_0
  - click=8.3.2=pyhc90fa1f_0
  - click-default-group=1.2.4=pyhd8ed1ab_1
  - clikit=0.6.2=pyhd8ed1ab_3
  - colorama=0.4.6=pyhd8ed1ab_1
  - comm=0.2.3=pyhe01879c_0
  - conda-lock=2.5.8=pyhd8ed1ab_0
  - conda-package-streaming=0.12.0=pyhd8ed1ab_0
  - contourpy=1.3.3=py312h0a2e395_4
  - cpython=3.12.13=py312hd8ed1ab_0
  - crashtest=0.4.1=pyhd8ed1ab_1
  - cryptography=46.0.7=py312ha4b625e_0
  - cycler=0.12.1=pyhcf101f3_2
  - dbus=1.16.2=h24cb091_1
  - debugpy=1.8.20=py312h8285ef7_0
  - decorator=5.2.1=pyhd8ed1ab_0
  - deprecated=1.3.1=pyhd8ed1ab_1
  - distlib=0.4.0=pyhd8ed1ab_0
  - ensureconda=1.6.0=pyhcf101f3_0
  - exceptiongroup=1.3.1=pyhd8ed1ab_0
  - executing=2.2.1=pyhd8ed1ab_0
  - filelock=3.25.2=pyhd8ed1ab_0
  - flake8=7.3.0=pyhd8ed1ab_0
  - fonttools=4.62.0=py312h8a5da7c_0
  - freetype=2.14.3=ha770c72_0
  - gflags=2.2.2=h5888daf_1005
  - gitdb=4.0.12=pyhd8ed1ab_0
  - gitpython=3.1.46=pyhd8ed1ab_0
  - glog=0.7.1=hbabe93e_0
  - html5lib=1.1=pyhd8ed1ab_2
  - icu=78.3=h33c6efd_0
  - identify=2.6.18=pyhd8ed1ab_0
  - idna=3.11=pyhd8ed1ab_0
  - importlib-metadata=8.8.0=pyhcf101f3_0
  - importlib_resources=7.1.0=pyhd8ed1ab_0
  - iniconfig=2.3.0=pyhd8ed1ab_0
  - ipykernel=7.2.0=pyha191276_1
  - ipython=9.12.0=pyhecfbec7_0
  - ipython_pygments_lexers=1.1.1=pyhd8ed1ab_0
  - isort=8.0.1=pyhd8ed1ab_0
  - jaraco.classes=3.4.0=pyhcf101f3_3
  - jaraco.context=6.1.1=pyhcf101f3_0
  - jaraco.functools=4.4.0=pyhcf101f3_1
  - jedi=0.19.2=pyhd8ed1ab_1
  - jeepney=0.9.0=pyhd8ed1ab_0
  - jinja2=3.1.6=pyhcf101f3_1
  - jupyter_client=8.8.0=pyhcf101f3_0
  - jupyter_core=5.9.1=pyhc90fa1f_0
  - keyring=25.7.0=pyha804496_0
  - keyutils=1.6.3=hb9d3cd8_0
  - kiwisolver=1.5.0=py312h0a2e395_0
  - krb5=1.22.2=ha1258a1_0
  - lcms2=2.18=h0c24ade_0
  - ld_impl_linux-64=2.45.1=default_hbd61a6d_102
  - lerc=4.1.0=hdb68285_0
  - libabseil=20260107.1=cxx17_h7b12aa8_0
  - libarrow=23.0.1=ha7f89c6_9_cpu
  - libarrow-acero=23.0.1=h635bf11_9_cpu
  - libarrow-compute=23.0.1=h53684a4_9_cpu
  - libarrow-dataset=23.0.1=h635bf11_9_cpu
  - libarrow-substrait=23.0.1=hb4dd7c2_9_cpu
  - libblas=3.11.0=6_h4a7cf45_openblas
  - libbrotlicommon=1.2.0=hb03c661_1
  - libbrotlidec=1.2.0=hb03c661_1
  - libbrotlienc=1.2.0=hb03c661_1
  - libcblas=3.11.0=6_h0358290_openblas
  - libcrc32c=1.1.2=h9c3ff4c_0
  - libcurl=8.19.0=hcf29cc6_0
  - libdeflate=1.25=h17f619e_0
  - libedit=3.1.20250104=pl5321h7949ede_0
  - libev=4.33=hd590300_2
  - libevent=2.1.12=hf998b51_1
  - libexpat=2.7.5=hecca717_0
  - libffi=3.5.2=h3435931_0
  - libfreetype=2.14.3=ha770c72_0
  - libfreetype6=2.14.3=h73754d4_0
  - libgcc=15.2.0=he0feb66_18
  - libgcc-ng=15.2.0=h69a702a_18
  - libgfortran=15.2.0=h69a702a_18
  - libgfortran5=15.2.0=h68bc16d_18
  - libglib=2.86.4=h6548e54_1
  - libgomp=15.2.0=he0feb66_18
  - libgoogle-cloud=3.3.0=h25dbb67_1
  - libgoogle-cloud-storage=3.3.0=hdbdcf42_1
  - libgrpc=1.78.1=h1d1128b_0
  - libiconv=1.18=h3b78370_2
  - libjpeg-turbo=3.1.4.1=hb03c661_0
  - liblapack=3.11.0=6_h47877c9_openblas
  - liblzma=5.8.3=hb03c661_0
  - libnghttp2=1.68.1=h877daf1_0
  - libnsl=2.0.1=hb9d3cd8_1
  - libopenblas=0.3.32=pthreads_h94d23a6_0
  - libopentelemetry-cpp=1.26.0=h9692893_0
  - libopentelemetry-cpp-headers=1.26.0=ha770c72_0
  - libparquet=23.0.1=h7376487_9_cpu
  - libpng=1.6.57=h421ea60_0
  - libprotobuf=6.33.5=h2b00c02_0
  - libre2-11=2025.11.05=h0dc7533_1
  - libsodium=1.0.21=h280c20c_3
  - libsqlite=3.53.0=hf4e2dac_0
  - libssh2=1.11.1=hcf80075_0
  - libstdcxx=15.2.0=h934c35e_18
  - libstdcxx-ng=15.2.0=hdf11a46_18
  - libthrift=0.22.0=h454ac66_1
  - libtiff=4.7.1=h9d88235_1
  - libutf8proc=2.11.3=hfe17d71_0
  - libuuid=2.42=h5347b49_0
  - libwebp-base=1.6.0=hd42ef1d_0
  - libxcb=1.17.0=h8a09558_0
  - libxcrypt=4.4.36=hd590300_1
  - libxml2=2.15.2=he237659_0
  - libxml2-16=2.15.2=hca6bf5a_0
  - libzlib=1.3.2=h25fd6f3_2
  - lz4-c=1.10.0=h5888daf_1
  - markupsafe=3.0.3=py312h8a5da7c_1
  - matplotlib-base=3.10.8=py312he3d6523_0
  - matplotlib-inline=0.2.1=pyhd8ed1ab_0
  - mccabe=0.7.0=pyhd8ed1ab_1
  - more-itertools=11.0.2=pyhcf101f3_0
  - msgpack-python=1.1.2=py312hd9148b4_1
  - munkres=1.1.4=pyhd8ed1ab_1
  - mypy=1.20.1=py312h4c3975b_0
  - mypy_extensions=1.1.0=pyha770c72_0
  - narwhals=2.19.0=pyhcf101f3_0
  - ncurses=6.5=h2d0b736_3
  - nest-asyncio=1.6.0=pyhd8ed1ab_1
  - nlohmann_json=3.12.0=h54a6638_1
  - nodeenv=1.10.0=pyhd8ed1ab_0
  - numcodecs=0.15.1=py312hf79963d_1
  - numpy=2.4.3=py312h33ff503_0
  - openjpeg=2.5.4=h55fea9a_0
  - openssl=3.6.2=h35e630c_0
  - orc=2.3.0=h21090e2_0
  - packaging=26.0=pyhcf101f3_0
  - pandas=3.0.2=py312h8ecdadd_0
  - parso=0.8.6=pyhcf101f3_0
  - pastel=0.2.1=pyhd8ed1ab_0
  - pathspec=1.0.4=pyhd8ed1ab_0
  - patsy=1.0.2=pyhcf101f3_0
  - pcre2=10.47=haa7fec5_0
  - pexpect=4.9.0=pyhd8ed1ab_1
  - pillow=12.2.0=py312h50c33e8_0
  - pip=26.0.1=pyh8b19718_0
  - pkginfo=1.12.1.2=pyhd8ed1ab_0
  - platformdirs=4.9.6=pyhcf101f3_0
  - plotly=6.6.0=pyhd8ed1ab_0
  - pluggy=1.6.0=pyhf9edf01_1
  - polars=1.39.3=pyh58ad624_1
  - polars-runtime-32=1.39.3=py310hffdcd12_1
  - pre-commit=4.5.1=pyha770c72_0
  - prometheus-cpp=1.3.0=ha5d0236_0
  - prompt-toolkit=3.0.52=pyha770c72_0
  - psutil=7.2.2=py312h5253ce2_0
  - pthread-stubs=0.4=hb9d3cd8_1002
  - ptyprocess=0.7.0=pyhd8ed1ab_1
  - pure_eval=0.2.3=pyhd8ed1ab_1
  - pyarrow=23.0.1=py312h7900ff3_0
  - pyarrow-core=23.0.1=py312h2054cf2_0_cpu
  - pycodestyle=2.14.0=pyhd8ed1ab_0
  - pycparser=2.22=pyh29332c3_1
  - pydantic=2.13.0=pyhcf101f3_0
  - pydantic-core=2.46.0=py312h868fb18_0
  - pyflakes=3.4.0=pyhd8ed1ab_0
  - pygments=2.20.0=pyhd8ed1ab_0
  - pylev=1.4.0=pyhd8ed1ab_0
  - pyparsing=3.3.2=pyhcf101f3_0
  - pyproject-api=1.10.0=pyhcf101f3_0
  - pysocks=1.7.1=pyha55dd90_7
  - pytest=9.0.3=pyhc364b38_1
  - python=3.12.13=hd63d673_0_cpython
  - python-dateutil=2.9.0.post0=pyhe01879c_2
  - python-discovery=1.2.2=pyhcf101f3_0
  - python-gil=3.12.13=hd8ed1ab_0
  - python-librt=0.9.0=py312h5253ce2_0
  - python_abi=3.12=8_cp312
  - pytokens=0.4.1=py312h5253ce2_1
  - pyyaml=6.0.3=py312h8a5da7c_1
  - pyzmq=27.1.0=py312hda471dd_2
  - qhull=2020.2=h434a139_5
  - re2=2025.11.05=h5301d42_1
  - readline=8.3=h853b02a_0
  - requests=2.33.1=pyhcf101f3_0
  - ruamel.yaml=0.19.1=pyhcf101f3_0
  - ruamel.yaml.clib=0.2.15=py312h5253ce2_1
  - s2n=1.7.1=h1cbb8d7_1
  - scipy=1.17.1=py312h54fa4ab_0
  - seaborn=0.13.2=hd8ed1ab_3
  - seaborn-base=0.13.2=pyhd8ed1ab_3
  - secretstorage=3.4.1=py312h7900ff3_0
  - setuptools=82.0.1=pyh332efcf_0
  - six=1.17.0=pyhe01879c_1
  - smmap=5.0.3=pyhd8ed1ab_0
  - snappy=1.2.2=h03e3b7b_1
  - stack_data=0.6.3=pyhd8ed1ab_1
  - statsmodels=0.14.6=py312h4f23490_0
  - tk=8.6.13=noxft_h366c992_103
  - tomli=2.4.1=pyhcf101f3_0
  - tomli-w=1.2.0=pyhd8ed1ab_0
  - tomlkit=0.14.0=pyha770c72_0
  - toolz=0.12.1=pyhd8ed1ab_0
  - tornado=6.5.5=py312h4c3975b_0
  - tox=4.52.1=pyhcf101f3_0
  - traitlets=5.14.3=pyhd8ed1ab_1
  - typing-extensions=4.15.0=h396c80c_0
  - typing-inspection=0.4.2=pyhd8ed1ab_1
  - typing_extensions=4.15.0=pyhcf101f3_0
  - tzdata=2025c=hc9c84f9_1
  - ukkonen=1.1.0=py312hd9148b4_0
  - unicodedata2=17.0.1=py312h4c3975b_0
  - urllib3=1.26.20=pyhd8ed1ab_0
  - virtualenv=21.2.1=pyhcf101f3_0
  - wcwidth=0.6.0=pyhd8ed1ab_0
  - webencodings=0.5.1=pyhd8ed1ab_3
  - wheel=0.46.3=pyhd8ed1ab_0
  - wrapt=2.1.2=py312h4c3975b_0
  - xorg-libxau=1.0.12=hb03c661_1
  - xorg-libxdmcp=1.1.5=hb03c661_1
  - yaml=0.2.5=h280c20c_3
  - zeromq=4.3.5=h41580af_10
  - zipp=3.23.1=pyhcf101f3_0
  - zlib=1.3.2=h25fd6f3_2
  - zlib-ng=2.3.3=hceb46e0_1
  - zstandard=0.25.0=py312h5253ce2_1
  - zstd=1.5.7=hb78ec9c_6
  - pip:
      - absl-py == 2.4.0 --hash=sha256:88476fd881ca8aab94ffa78b7b6c632a782ab3ba1cd19c9bd423abc4fb4cd28d
      - aiobotocore == 3.4.0 --hash=sha256:26290eb6830ea92d8a6f5f90b56e9f5cedd6d126074d5db63b195e281d982465
      - aiohappyeyeballs == 2.6.1 --hash=sha256:f349ba8f4b75cb25c99c5c2d84e997e485204d2902a9597802b0371f09331fb8
      - aiohttp == 3.13.5 --hash=sha256:b18f31b80d5a33661e08c89e202edabf1986e9b49c42b4504371daeaa11b47c1
      - aioitertools == 0.13.0 --hash=sha256:0be0292b856f08dfac90e31f4739432f4cb6d7520ab9eb73e143f4f2fa5259be
      - aiosignal == 1.4.0 --hash=sha256:053243f8b92b990551949e63930a839ff0cf0b0ebbe0597b0f3fb19e1a0fe82e
      - annotated-doc == 0.0.4 --hash=sha256:571ac1dc6991c450b25a9c2d84a3705e2ae7a53467b5d111c24fa8baabbed320
      - anyio == 4.13.0 --hash=sha256:08b310f9e24a9594186fd75b4f73f4a4152069e3853f1ed8bfbf58369f4ad708
      - anywidget == 0.10.0 --hash=sha256:a001543b55be9b4e9c9783b2f1aa0d5be733b321723d9bf30975fce840730a57
      - asgiref == 3.11.1 --hash=sha256:e8667a091e69529631969fd45dc268fa79b99c92c5fcdda727757e52146ec133
      - attrs == 26.1.0 --hash=sha256:c647aa4a12dfbad9333ca4e71fe62ddc36f4e63b2d260a37a8b83d2f043ac309
      - bioio == 3.3.0 --hash=sha256:da6c8f2cc081f63395986a1ef88e5778be9fb37ee4f444fcdad719e6fd6d1bc8
      - bioio-base == 3.3.0 --hash=sha256:cda15fc586b0b4656c7db304a31a18de1113a81abc615d041a4d660c28cf0319
      - bioio-nd2 == 1.7.0 --hash=sha256:031503a7db0447e6e871060037b25397451d6be5f5b9ebe6028519416d13e657
      - bioio-ome-tiff == 1.4.0 --hash=sha256:98107a847244a7b515c7a8c39b5119e67f4047b63661238b49b3d0cc36a86cd9
      - bioio-ome-zarr == 3.3.0 --hash=sha256:a29917531540336bc8e0284b9ed9db42e87d67b880566f98f933d7636634b3cd
      - botocore == 1.42.84 --hash=sha256:15f3fe07dfa6545e46a60c4b049fe2bdf63803c595ae4a4eec90e8f8172764f3
      - cloudpickle == 3.1.2 --hash=sha256:9acb47f6afd73f60dc1df93bb801b472f05ff42fa6c84167d25cb206be1fbf4a
      - cmap == 0.7.2 --hash=sha256:ad85bcc2327351bb72ff41516d4116d74b0af89258b35a323fcccb655a64f1f2
      - crc32c == 2.8 --hash=sha256:6dde035f91ffbfe23163e68605ee5a4bb8ceebd71ed54bb1fb1d0526cdd125a2
      - csbdeep == 0.8.2 --hash=sha256:5806b4ac2949c6a5737a789cf8897d7632cc9b6d0a323a12028ef165b99e5485
      - dask == 2026.3.0 --hash=sha256:be614b9242b0b38288060fb2d7696125946469c98a1c30e174883fd199e0428d
      - distributed == 2026.3.0 --hash=sha256:52518f4b3e6795e87b442e8f57788ba1ddc750c62d0835669c85927280d38f07
      - donfig == 0.8.1.post1 --hash=sha256:2a3175ce74a06109ff9307d90a230f81215cbac9a751f4d1c6194644b8204f9d
      - elementpath == 5.1.1 --hash=sha256:57637359065e60654422d8474c1749b09bb21348012b7197f868027e3c09c9b9
      - flexcache == 0.3 --hash=sha256:d43c9fea82336af6e0115e308d9d33a185390b8346a017564611f1466dcd2e32
      - flexparser == 0.4 --hash=sha256:3738b456192dcb3e15620f324c447721023c0293f6af9955b481e91d00179846
      - frozenlist == 1.8.0 --hash=sha256:494a5952b1c597ba44e0e78113a7266e656b9794eec897b19ead706bd7074383
      - fsspec == 2026.3.0 --hash=sha256:d2ceafaad1b3457968ed14efa28798162f1638dbb5d2a6868a2db002a5ee39a4
      - google-crc32c == 1.8.0 --hash=sha256:14f87e04d613dfa218d6135e81b78272c3b904e2a7053b841481b38a7d901411
      - grpcio == 1.80.0 --hash=sha256:4e78c4ac0d97dc2e569b2f4bcbbb447491167cb358d1a389fc4af71ab6f70411
      - h11 == 0.16.0 --hash=sha256:63cf8bbe7522de3bf65932fda1d9c2772064ffb3dae62d55932da54b31cb6c86
      - h5py == 3.16.0 --hash=sha256:dfc21898ff025f1e8e67e194965a95a8d4754f452f83454538f98f8a3fcb207e
      - hf-xet == 1.4.3 --hash=sha256:fc360b70c815bf340ed56c7b8c63aacf11762a4b099b2fe2c9bd6d6068668c08
      - htmltools == 0.6.0 --hash=sha256:072a274ff5e2851e0acce13fc5bb2bbdbbad8268dc8b123f881c05012ce7dce0
      - httpcore == 1.0.9 --hash=sha256:2d400746a40668fc9dec9810239072b40b4484b640a8c38fd654a024c7a1bf55
      - httpx == 0.28.1 --hash=sha256:d909fcccc110f8c7faf814ca82a9a4d816bc5a6dbfea25d6591d6985b8ba59ad
      - huggingface-hub == 1.10.2 --hash=sha256:c26c908767cc711493978dc0b4f5747ba7841602997cc98bfd628450a28cf9bc
      - imagecodecs == 2026.3.6 --hash=sha256:e30a14aa2e1c6c90e00375292726486c1d90bf003b1414d608ea4d1f62fd8a79
      - imageio == 2.37.3 --hash=sha256:46f5bb8522cd421c0f5ae104d8268f569d856b29eb1a13b92829d1970f32c9f0
      - importlib-metadata == 8.7.1 --hash=sha256:5a1f80bf1daa489495071efbb095d75a634cf28a8bc299581244063b53176151
      - ipywidgets == 8.1.8 --hash=sha256:ecaca67aed704a338f88f67b1181b58f821ab5dc89c1f0f5ef99db43c1c2921e
      - jmespath == 1.1.0 --hash=sha256:a5663118de4908c91729bea0acadca56526eb2698e83de10cd116ae0f4e97c64
      - joblib == 1.5.3 --hash=sha256:5fc3c5039fc5ca8c0276333a188bbd59d6b7ab37fe6632daa76bc7f9ec18e713
      - jupyterlab-widgets == 3.0.16 --hash=sha256:45fa36d9c6422cf2559198e4db481aa243c7a32d9926b500781c830c80f7ecf8
      - kerchunk == 0.2.10 --hash=sha256:7fdaa77dae25c75d3ec9402c49208f37ae51d346ab082724e3e32608438f8c66
      - lazy-loader == 0.5 --hash=sha256:ab0ea149e9c554d4ffeeb21105ac60bed7f3b4fd69b1d2360a4add51b170b005
      - lightning-utilities == 0.15.3 --hash=sha256:6c55f1bee70084a1cbeaa41ada96e4b3a0fea5909e844dd335bd80f5a73c5f91
      - linkify-it-py == 2.1.0 --hash=sha256:0d252c1594ecba2ecedc444053db5d3a9b7ec1b0dd929c8f1d74dce89f86c05e
      - locket == 1.0.0 --hash=sha256:b6c819a722f7b6bd955b80781788e4a66a55628b858d347536b7e81325a3a5e3
      - lxml == 6.0.4 --hash=sha256:45dc690c54b1341fec01743caed02e5f1ea49d7cfb81e3ba48903e5e844ed68a
      - markdown == 3.10.2 --hash=sha256:e91464b71ae3ee7afd3017d9f358ef0baf158fd9a298db92f1d4761133824c36
      - markdown-it-py == 4.0.0 --hash=sha256:87327c59b172c5011896038353a81343b6754500a08cd7a4973bb48c6d578147
      - matplotlib-scalebar == 0.9.0 --hash=sha256:5140525cd4e0c60bcade541b86571dabaf446fa69192530bd82d60b54601aa79
      - mdit-py-plugins == 0.5.0 --hash=sha256:07a08422fc1936a5d26d146759e9155ea466e842f5ab2f7d2266dd084c8dab1f
      - mdurl == 0.1.2 --hash=sha256:84008a41e51615a49fc9966191ff91509e3c40b939176e643fd50a5c2196b8f8
      - microfilm == 0.3.0 --hash=sha256:a7efcf3dff964fbcecfbab432d870a376dd52f40c23905cf1573e4eed90db35a
      - monai == 1.5.2 --hash=sha256:6c4f75d47a88c1e37521bce4b7cb1540c6f4e5ca1d43910c60f61fc2ef4ddab2
      - mpmath == 1.3.0 --hash=sha256:a0b2b9fe80bbcd81a6647ff13108738cfb482d481d826cc0e02f5b35e5c88d2c
      - multidict == 6.7.1 --hash=sha256:bfde23ef6ed9db7eaee6c37dcec08524cb43903c60b285b172b6c094711b3961
      - natsort == 8.4.0 --hash=sha256:4732914fb471f56b5cce04d7bae6f164a592c7712e1c85f9ef585e197299521c
      - nd2 == 0.11.3 --hash=sha256:5cf735dc02bb7b8fb400f657f8c04e73f51c28c1032c644a7746948c13be38f9
      - networkx == 3.6.1 --hash=sha256:d47fbf302e7d9cbbb9e2555a0d267983d2aa476bac30e90dfbe5669bd57f3762
      - nvidia-cublas-cu12 == 12.6.4.1 --hash=sha256:08ed2686e9875d01b58e3cb379c6896df8e76c75e0d4a7f7dace3d7b6d9ef8eb
      - nvidia-cuda-cupti-cu12 == 12.6.80 --hash=sha256:6768bad6cab4f19e8292125e5f1ac8aa7d1718704012a0e3272a6f61c4bce132
      - nvidia-cuda-nvrtc-cu12 == 12.6.77 --hash=sha256:35b0cc6ee3a9636d5409133e79273ce1f3fd087abb0532d2d2e8fff1fe9efc53
      - nvidia-cuda-runtime-cu12 == 12.6.77 --hash=sha256:ba3b56a4f896141e25e19ab287cd71e52a6a0f4b29d0d31609f60e3b4d5219b7
      - nvidia-cudnn-cu12 == 9.5.1.17 --hash=sha256:30ac3869f6db17d170e0e556dd6cc5eee02647abc31ca856634d5a40f82c15b2
      - nvidia-cufft-cu12 == 11.3.0.4 --hash=sha256:ccba62eb9cef5559abd5e0d54ceed2d9934030f51163df018532142a8ec533e5
      - nvidia-cufile-cu12 == 1.11.1.6 --hash=sha256:cc23469d1c7e52ce6c1d55253273d32c565dd22068647f3aa59b3c6b005bf159
      - nvidia-curand-cu12 == 10.3.7.77 --hash=sha256:a42cd1344297f70b9e39a1e4f467a4e1c10f1da54ff7a85c12197f6c652c8bdf
      - nvidia-cusolver-cu12 == 11.7.1.2 --hash=sha256:e9e49843a7707e42022babb9bcfa33c29857a93b88020c4e4434656a655b698c
      - nvidia-cusparse-cu12 == 12.5.4.2 --hash=sha256:7556d9eca156e18184b94947ade0fba5bb47d69cec46bf8660fd2c71a4b48b73
      - nvidia-cusparselt-cu12 == 0.6.3 --hash=sha256:e5c8a26c36445dd2e6812f1177978a24e2d37cacce7e090f297a688d1ec44f46
      - nvidia-nccl-cu12 == 2.26.2 --hash=sha256:694cf3879a206553cc9d7dbda76b13efaf610fdb70a50cba303de1b0d1530ac6
      - nvidia-nvjitlink-cu12 == 12.6.85 --hash=sha256:eedc36df9e88b682efe4309aa16b5b4e78c2407eac59e8c10a6a47535164369a
      - nvidia-nvtx-cu12 == 12.6.77 --hash=sha256:b90bed3df379fa79afbd21be8e04a0314336b8ae16768b58f2d34cb1d04cd7d2
      - ome-types == 0.6.3 --hash=sha256:ce9753ff351bbc534ee5c5038d3cf60b1e4c13d69ad2e6b5a5b75de2a52521a5
      - opencv-contrib-python == 4.13.0.92 --hash=sha256:fc5ee50e2be9d40e913536f7f20cc6f87f25d8e413ebb32a3335ab6edf245d3e
      - opencv-python == 4.13.0.92 --hash=sha256:620d602b8f7d8b8dab5f4b99c6eb353e78d3fb8b0f53db1bd258bb1aa001c1d5
      - opentelemetry-api == 1.41.0 --hash=sha256:0e77c806e6a89c9e4f8d372034622f3e1418a11bdbe1c80a50b3d3397ad0fa4f
      - orjson == 3.11.8 --hash=sha256:53a0f57e59a530d18a142f4d4ba6dfc708dc5fdedce45e98ff06b44930a2a48f
      - partd == 1.4.2 --hash=sha256:978e4ac767ec4ba5b86c6eaa52e5a2a3bc748a2ca839e8cc798f1cc6ce6efb0f
      - pint == 0.25.3 --hash=sha256:27eb25143bd5de9fcc4d5a4b484f16faf6b4615aa93ece6b3373a8c1a3c1b97d
      - propcache == 0.4.1 --hash=sha256:15932ab57837c3368b024473a525e25d316d8353016e7cc0e5ba9eb343fbb1cf
      - protobuf == 7.34.1 --hash=sha256:8ff40ce8cd688f7265326b38d5a1bed9bfdf5e6723d49961432f83e21d5713e4
      - psygnal == 0.15.1 --hash=sha256:b5e4837dfbfa4974dabe0795e32be9aadcd87603adf734738ce1114f72238a05
      - pydantic-extra-types == 2.11.1 --hash=sha256:1722ea2bddae5628ace25f2aa685b69978ef533123e5638cfbddb999e0100ec1
      - python-multipart == 0.0.26 --hash=sha256:c0b169f8c4484c13b0dcf2ef0ec3a4adb255c4b7d18d8e420477d2b1dd03f185
      - pytorch-lightning == 2.6.1 --hash=sha256:1f8118567ec829e3055f16cf1aa320883a86a47c836951bfd9dcfa34ec7ffd59
      - pytorch-toolbelt == 0.8.0 --hash=sha256:ccb5b0388d32bda0e42bc270d4e14a10c96b0b810eb2b52b9885f1e5d155f37d
      - questionary == 2.1.1 --hash=sha256:a51af13f345f1cdea62347589fbb6df3b290306ab8930713bfae4d475a7d4a59
      - resource-backed-dask-array == 0.1.0 --hash=sha256:ec457fa72d81f0340a67ea6557a5a5919323a11cccc978a950df29fa69fe5679
      - rich == 15.0.0 --hash=sha256:33bd4ef74232fb73fe9279a257718407f169c09b78a87ad3d296f548e27de0bb
      - s3fs == 2026.3.0 --hash=sha256:2fa40a64c03003cfa5ae0e352788d97aa78ae8f9e25ea98b28ce9d21ba10c1b8
      - safetensors == 0.7.0 --hash=sha256:dac7252938f0696ddea46f5e855dd3138444e82236e3be475f54929f0c510d48
      - scikit-image == 0.26.0 --hash=sha256:7df650e79031634ac90b11e64a9eedaf5a5e06fcd09bcd03a34be01745744466
      - scikit-learn == 1.8.0 --hash=sha256:a0bcfe4d0d14aec44921545fd2af2338c7471de9cb701f1da4c9d85906ab847a
      - segmentation-models-pytorch == 0.5.0 --hash=sha256:c34e09047771aa4dd8878b4f899e8125700cd1f8f7db16e58c37204154151a05
      - semver == 3.0.4 --hash=sha256:9c824d87ba7f7ab4a1890799cec8596f15c1241cb473404ea1cb0c55e4b04746
      - shellingham == 1.5.4 --hash=sha256:7ecfff8f2fd72616f7481040475a65b2bf8af90a56c89140852d1120324e8686
      - shiny == 1.6.0 --hash=sha256:8e8ae840f565ecf4fb856a843fdc2d73c39e8ffe78141ccc29d802ecfce3657b
      - shinychat == 0.2.9 --hash=sha256:20e2101b22dfa2eeb5318e95b622e62ddcf5f2dd8cebe870c36673dd8eb4d901
      - shinywidgets == 0.8.0 --hash=sha256:7be5cba2d551f68668638e74a8ede61e49b98892ca5056091dd69da5df2e8c5a
      - sortedcontainers == 2.4.0 --hash=sha256:a163dcaede0f1c021485e957a39245190e74249897e2ae4b2aa38595db237ee0
      - starlette == 1.0.0 --hash=sha256:d3ec55e0bb321692d275455ddfd3df75fff145d009685eb40dc91fc66b03d38b
      - statannotations == 0.7.2 --hash=sha256:61cd63c9bcdffe37dad30bb2a33aa6aa03f28df9636eda8deae1548f91be8580
      - sympy == 1.14.0 --hash=sha256:e091cc3e99d2141a0ba2847328f5479b05d94a6635cb96148ccb3f34671bd8f5
      - tblib == 3.2.2 --hash=sha256:26bdccf339bcce6a88b2b5432c988b266ebbe63a4e593f6b578b1d2e723d2b76
      - tensorboard == 2.20.0 --hash=sha256:9dc9f978cb84c0723acf9a345d96c184f0293d18f166bb8d59ee098e6cfaaba6
      - tensorboard-data-server == 0.7.2 --hash=sha256:7e0610d205889588983836ec05dc098e80f97b7e7bbff7e994ebb78f578d0ddb
      - threadpoolctl == 3.6.0 --hash=sha256:43a0b8fd5a2928500110039e43a5eed8480b918967083ea48dc3ab9f13c4a7fb
      - tifffile == 2026.4.11 --hash=sha256:9b94ffeddb39e97601af646345e8808f885773de01b299e480ed6d3a41509ec9
      - timm == 1.0.26 --hash=sha256:985c330de5ccc3a2aa0224eb7272e6a336084702390bb7e3801f3c91603d3683
      - torch == 2.7.1 --hash=sha256:c33360cfc2edd976c2633b3b66c769bdcbbf0e0b6550606d188431c81e7dd1fc
      - torchmetrics == 1.9.0 --hash=sha256:bfdcbff3dd1d96b3374bb2496eb39f23c4b28b8a845b6a18c313688e0d2d9ca1
      - torchvision == 0.22.1 --hash=sha256:699c2d70d33951187f6ed910ea05720b9b4aaac1dcc1135f53162ce7d42481d3
      - towbintools == 0.3.18 --hash=sha256:67dc9471e239c6a3c56477d3a5d257749990729229fca3f862a8f90f9a8f0e64
      - tqdm == 4.67.3 --hash=sha256:ee1e4c0e59148062281c49d80b25b67771a127c85fc9676d3be5f243206826bf
      - triton == 3.3.1 --hash=sha256:9999e83aba21e1a78c1f36f21bce621b77bcaa530277a50484a7cb4a822f6e43
      - typer == 0.24.1 --hash=sha256:112c1f0ce578bfb4cab9ffdabc68f031416ebcc216536611ba21f04e9aa84c9e
      - uc-micro-py == 2.0.0 --hash=sha256:3603a3859af53e5a39bc7677713c78ea6589ff188d70f4fee165db88e22b242c
      - ujson == 5.12.0 --hash=sha256:085b6ce182cdd6657481c7c4003a417e0655c4f6e58b76f26ee18f0ae21db827
      - uvicorn == 0.44.0 --hash=sha256:ce937c99a2cc70279556967274414c087888e8cec9f9c94644dfca11bd3ced89
      - watchfiles == 1.1.1 --hash=sha256:1db5d7ae38ff20153d542460752ff397fcf5c96090c1230803713cf3147a6803
      - websockets == 16.0 --hash=sha256:9b5aca38b67492ef518a8ab76851862488a478602229112c4b0d58d63a7a4d5c
      - werkzeug == 3.1.8 --hash=sha256:63a77fb8892bf28ebc3178683445222aa500e48ebad5ec77b0ad80f8726b1f50
      - whittaker-eilers == 0.2.0 --hash=sha256:3002697548ccd84ebbe786da1cfebc1ce934c2d49ecd2669ca2351cb0a62d934
      - widgetsnbextension == 4.0.15 --hash=sha256:8156704e4346a571d9ce73b84bee86a29906c9abfd7223b7228a28899ccf3366
      - xarray == 2026.4.0 --hash=sha256:d43751d9fb4a90f9249c30431684f00c41bc874f1edccd862631a40cbc0edf08
      - xgboost == 3.2.0 --hash=sha256:99b4a6bbcb47212fec5cf5fbe12347215f073c08967431b0122cfbd1ee70312c
      - xmlschema == 4.3.1 --hash=sha256:9560314d70ae87be0aecb8712cfebed636f867707ccf9758d4b0645d607f64b9
      - xsdata == 26.2 --hash=sha256:85a591a4405d903416afbd4a917e8dda8ea44641a3e66d72134bc2a31b3c16b0
      - yarl == 1.23.0 --hash=sha256:a3d2bff8f37f8d0f96c7ec554d16945050d54462d6e95414babaa18bfafc7f51
      - zarr == 3.1.6 --hash=sha256:b5a82c5079d1c3d4ee8f06746fa3b9a98a7d804300fa3f4be154362a33e1207e
      - zict == 3.0.0 --hash=sha256:5796e36bd0e0cc8cf0fbc1ace6a68912611c1dbd74750a3f3026b9b9d6a327ae
