# Generated by conda-lock.
# platform: win-64
# input_hash: 64ff72e79ab561990e8142cc609f5ca3dd2dded765616467555eefb389394af1

channels:
  - conda-forge
dependencies:
  - _openmp_mutex=4.5=20_gnu
  - _python_abi3_support=1.0=hd8ed1ab_2
  - annotated-types=0.7.0=pyhd8ed1ab_1
  - appdirs=1.4.4=pyhd8ed1ab_1
  - asttokens=3.0.1=pyhd8ed1ab_0
  - aws-c-auth=0.10.1=h5d51246_2
  - aws-c-cal=0.9.13=h46f3b43_1
  - aws-c-common=0.12.6=hfd05255_0
  - aws-c-compression=0.3.2=hcb3a2da_0
  - aws-c-event-stream=0.6.0=h87b2689_1
  - aws-c-http=0.10.12=h612f3e8_1
  - aws-c-io=0.26.3=h0d5b9f9_0
  - aws-c-mqtt=0.15.2=h904b250_1
  - aws-c-s3=0.11.5=h87bd87b_5
  - aws-c-sdkutils=0.2.4=hcb3a2da_4
  - aws-checksums=0.2.10=hcb3a2da_0
  - aws-crt-cpp=0.37.4=h4f72eff_3
  - aws-sdk-cpp=1.11.747=hd55a107_3
  - azure-core-cpp=1.16.2=h49e36cd_0
  - azure-identity-cpp=1.13.3=h5ffce34_1
  - azure-storage-blobs-cpp=12.16.0=hcd625b1_1
  - azure-storage-common-cpp=12.12.0=h5ffce34_1
  - azure-storage-files-datalake-cpp=12.14.0=h1678c0b_1
  - backports=1.0=pyhd8ed1ab_5
  - backports.tarfile=1.2.0=pyhcf101f3_2
  - black=26.3.1=pyh866005b_0
  - bottleneck=1.6.0=np2py312h226b611_3
  - brotli=1.2.0=h2d644bc_1
  - brotli-bin=1.2.0=hfd05255_1
  - brotli-python=1.2.0=py312hc6d9e41_1
  - bzip2=1.0.8=h0ad9c76_9
  - c-ares=1.34.6=hfd05255_0
  - ca-certificates=2026.4.22=h4c7d964_0
  - cachecontrol=0.14.3=pyha770c72_0
  - cachecontrol-with-filecache=0.14.3=pyhd8ed1ab_0
  - cachetools=7.0.6=pyhd8ed1ab_0
  - cachy=0.3.0=pyhd8ed1ab_2
  - certifi=2026.4.22=pyhd8ed1ab_0
  - cffi=2.0.0=py312he06e257_1
  - cfgv=3.5.0=pyhd8ed1ab_0
  - charset-normalizer=3.4.7=pyhd8ed1ab_0
  - click=8.3.2=pyh6dadd2b_0
  - click-default-group=1.2.4=pyhd8ed1ab_1
  - clikit=0.6.2=pyhd8ed1ab_3
  - colorama=0.4.6=pyhd8ed1ab_1
  - comm=0.2.3=pyhe01879c_0
  - conda-lock=2.5.8=pyhd8ed1ab_0
  - conda-package-streaming=0.12.0=pyhd8ed1ab_0
  - contourpy=1.3.3=py312h78d62e6_4
  - cpython=3.12.13=py312hd8ed1ab_0
  - crashtest=0.4.1=pyhd8ed1ab_1
  - cycler=0.12.1=pyhcf101f3_2
  - debugpy=1.8.20=py312ha1a9051_0
  - decorator=5.2.1=pyhd8ed1ab_0
  - deprecated=1.3.1=pyhd8ed1ab_1
  - distlib=0.4.0=pyhd8ed1ab_0
  - ensureconda=1.6.0=pyhcf101f3_0
  - exceptiongroup=1.3.1=pyhd8ed1ab_0
  - executing=2.2.1=pyhd8ed1ab_0
  - filelock=3.29.0=pyhd8ed1ab_0
  - flake8=7.3.0=pyhd8ed1ab_0
  - fonttools=4.62.1=py312h05f76fc_0
  - freetype=2.14.3=h57928b3_0
  - gitdb=4.0.12=pyhd8ed1ab_0
  - gitpython=3.1.47=pyhd8ed1ab_0
  - html5lib=1.1=pyhd8ed1ab_2
  - identify=2.6.19=pyhd8ed1ab_0
  - idna=3.11=pyhf9edf01_1
  - importlib-metadata=8.8.0=pyhcf101f3_0
  - importlib_resources=7.1.0=pyhd8ed1ab_0
  - iniconfig=2.3.0=pyhd8ed1ab_0
  - ipykernel=7.2.0=pyh6dadd2b_1
  - ipython=9.12.0=pyhccfa634_0
  - ipython_pygments_lexers=1.1.1=pyhd8ed1ab_0
  - isort=8.0.1=pyhd8ed1ab_0
  - jaraco.classes=3.4.0=pyhcf101f3_3
  - jaraco.context=6.1.2=pyhcf101f3_0
  - jaraco.functools=4.4.0=pyhcf101f3_1
  - jedi=0.19.2=pyhd8ed1ab_1
  - jinja2=3.1.6=pyhcf101f3_1
  - jupyter_client=8.8.0=pyhcf101f3_0
  - jupyter_core=5.9.1=pyh6dadd2b_0
  - keyring=25.7.0=pyh7428d3b_0
  - kiwisolver=1.5.0=py312h78d62e6_0
  - krb5=1.22.2=h0ea6238_0
  - lcms2=2.18=hf2c6c5f_0
  - lerc=4.1.0=hd936e49_0
  - libabseil=20260107.1=cxx17_h0eb2380_0
  - libarrow=24.0.0=h22b38e0_0_cuda
  - libarrow-acero=24.0.0=h7d8d6a5_0_cuda
  - libarrow-compute=24.0.0=h081cd8e_0_cuda
  - libarrow-dataset=24.0.0=h7d8d6a5_0_cuda
  - libarrow-substrait=24.0.0=h524e9bd_0_cuda
  - libblas=3.11.0=6_hf2e6a31_mkl
  - libbrotlicommon=1.2.0=hfd05255_1
  - libbrotlidec=1.2.0=hfd05255_1
  - libbrotlienc=1.2.0=hfd05255_1
  - libcblas=3.11.0=6_h2a3cdd5_mkl
  - libcrc32c=1.1.2=h0e60522_0
  - libcurl=8.19.0=h8206538_0
  - libdeflate=1.25=h51727cc_0
  - libevent=2.1.12=h3671451_1
  - libexpat=2.7.5=hac47afa_0
  - libffi=3.5.2=h3d046cb_0
  - libfreetype=2.14.3=h57928b3_0
  - libfreetype6=2.14.3=hdbac1cb_0
  - libgcc=15.2.0=h8ee18e1_18
  - libgomp=15.2.0=h8ee18e1_18
  - libgoogle-cloud=3.3.0=h2b231ac_1
  - libgoogle-cloud-storage=3.3.0=he04ea4c_1
  - libgrpc=1.78.1=h9ff2b3e_0
  - libhwloc=2.12.2=default_h4379cf1_1000
  - libiconv=1.18=hc1393d2_2
  - libjpeg-turbo=3.1.4.1=hfd05255_0
  - liblapack=3.11.0=6_hf9ab0e9_mkl
  - liblzma=5.8.3=hfd05255_0
  - libopentelemetry-cpp=1.26.0=hc88f397_0
  - libopentelemetry-cpp-headers=1.26.0=h57928b3_0
  - libparquet=24.0.0=h7051d1f_0_cuda
  - libpng=1.6.58=h7351971_0
  - libprotobuf=6.33.5=h61fc761_0
  - libre2-11=2025.11.05=h04e5de1_1
  - libsodium=1.0.21=h6a83c73_3
  - libsqlite=3.53.0=hf5d6505_0
  - libssh2=1.11.1=h9aa295b_0
  - libthrift=0.22.0=h23985f6_1
  - libtiff=4.7.1=h8f73337_1
  - libutf8proc=2.11.3=hb980946_0
  - libwebp-base=1.6.0=h4d5522a_0
  - libwinpthread=12.0.0.r4.gg4f2fc60ca=h57928b3_10
  - libxcb=1.17.0=h0e4246c_0
  - libxml2=2.15.3=hbc0d294_0
  - libxml2-16=2.15.3=h692994f_0
  - libzlib=1.3.2=hfd05255_2
  - llvm-openmp=22.1.4=h4fa8253_0
  - lz4-c=1.10.0=h2466b09_1
  - markupsafe=3.0.3=py312h05f76fc_1
  - matplotlib-base=3.10.8=py312h0ebf65c_0
  - matplotlib-inline=0.2.1=pyhd8ed1ab_0
  - mccabe=0.7.0=pyhd8ed1ab_1
  - mkl=2025.3.1=hac47afa_12
  - more-itertools=11.0.2=pyhcf101f3_0
  - msgpack-python=1.1.2=py312hf90b1b7_1
  - munkres=1.1.4=pyhd8ed1ab_1
  - mypy=1.20.2=py312he06e257_0
  - mypy_extensions=1.1.0=pyha770c72_0
  - narwhals=2.20.0=pyhcf101f3_0
  - nest-asyncio=1.6.0=pyhd8ed1ab_1
  - nlohmann_json=3.12.0=h5112557_1
  - nodeenv=1.10.0=pyhd8ed1ab_0
  - numcodecs=0.15.1=py312hc128f0a_1
  - numpy=2.4.3=py312ha3f287d_0
  - onemkl-license=2025.3.1=h57928b3_12
  - openjpeg=2.5.4=h0e57b4f_0
  - openssl=3.6.2=hf411b9b_0
  - orc=2.3.0=h8fc0eb6_0
  - packaging=26.1=pyhc364b38_0
  - pandas=3.0.2=py312h95189c4_0
  - parso=0.8.6=pyhcf101f3_0
  - pastel=0.2.1=pyhd8ed1ab_0
  - pathspec=1.1.0=pyhd8ed1ab_0
  - patsy=1.0.2=pyhcf101f3_0
  - pillow=12.2.0=py312h31f0997_0
  - pip=26.0.1=pyh8b19718_0
  - pkginfo=1.12.1.2=pyhd8ed1ab_0
  - platformdirs=4.9.6=pyhcf101f3_0
  - plotly=6.6.0=pyhd8ed1ab_0
  - pluggy=1.6.0=pyhf9edf01_1
  - polars=1.40.0=pyh58ad624_0
  - polars-runtime-32=1.40.0=py310hca7251b_0
  - pre-commit=4.6.0=pyha770c72_0
  - prometheus-cpp=1.3.0=hcea2f5d_0
  - prompt-toolkit=3.0.52=pyha770c72_0
  - psutil=7.2.2=py312he5662c2_0
  - pthread-stubs=0.4=h0e40799_1002
  - pure_eval=0.2.3=pyhd8ed1ab_1
  - pyarrow=24.0.0=py312h2e8e312_0
  - pyarrow-core=24.0.0=py312h0dba86e_0_cuda
  - pycodestyle=2.14.0=pyhd8ed1ab_0
  - pycparser=2.22=pyh29332c3_1
  - pydantic=2.13.3=pyhcf101f3_0
  - pydantic-core=2.46.3=py312hdabe01f_0
  - pyflakes=3.4.0=pyhd8ed1ab_0
  - pygments=2.20.0=pyhd8ed1ab_0
  - pylev=1.4.0=pyhd8ed1ab_0
  - pyparsing=3.3.2=pyhcf101f3_0
  - pyproject-api=1.10.0=pyhcf101f3_0
  - pysocks=1.7.1=pyh09c184e_7
  - pytest=9.0.3=pyhc364b38_1
  - python=3.12.13=h0159041_0_cpython
  - python-dateutil=2.9.0.post0=pyhe01879c_2
  - python-discovery=1.2.2=pyhcf101f3_0
  - python-gil=3.12.13=hd8ed1ab_0
  - python-librt=0.9.0=py312he5662c2_0
  - python-tzdata=2026.1=pyhd8ed1ab_0
  - python_abi=3.12=8_cp312
  - pytokens=0.4.1=py312he5662c2_1
  - pywin32=311=py312h829343e_1
  - pywin32-ctypes=0.2.3=py312h2e8e312_3
  - pyyaml=6.0.3=py312h05f76fc_1
  - pyzmq=27.1.0=py312h343a6d4_2
  - qhull=2020.2=hc790b64_5
  - re2=2025.11.05=ha104f34_1
  - requests=2.33.1=pyhcf101f3_0
  - ruamel.yaml=0.19.1=pyhcf101f3_0
  - ruamel.yaml.clib=0.2.15=py312he5662c2_1
  - scipy=1.17.1=py312h9b3c559_0
  - seaborn=0.13.2=hd8ed1ab_3
  - seaborn-base=0.13.2=pyhd8ed1ab_3
  - setuptools=82.0.1=pyh332efcf_0
  - six=1.17.0=pyhe01879c_1
  - smmap=5.0.3=pyhd8ed1ab_0
  - snappy=1.2.2=h7fa0ca8_1
  - stack_data=0.6.3=pyhd8ed1ab_1
  - statsmodels=0.14.6=py312h196c9fc_0
  - tbb=2022.3.0=h3155e25_2
  - tk=8.6.13=h6ed50ae_3
  - tomli=2.4.1=pyhcf101f3_0
  - tomli-w=1.2.0=pyhd8ed1ab_0
  - tomlkit=0.14.0=pyha770c72_0
  - toolz=0.12.1=pyhd8ed1ab_0
  - tornado=6.5.5=py312he06e257_0
  - tox=4.52.1=pyhcf101f3_0
  - traitlets=5.14.3=pyhd8ed1ab_1
  - typing-extensions=4.15.0=h396c80c_0
  - typing-inspection=0.4.2=pyhd8ed1ab_1
  - typing_extensions=4.15.0=pyhcf101f3_0
  - tzdata=2025c=hc9c84f9_1
  - ucrt=10.0.26100.0=h57928b3_0
  - ukkonen=1.1.0=py312hf90b1b7_0
  - unicodedata2=17.0.1=py312he06e257_0
  - urllib3=1.26.20=pyhd8ed1ab_0
  - vc=14.3=h41ae7f8_34
  - vc14_runtime=14.44.35208=h818238b_34
  - vcomp14=14.44.35208=h818238b_34
  - virtualenv=21.2.4=pyhcf101f3_0
  - vs2015_runtime=14.44.35208=h38c0c73_34
  - wcwidth=0.6.0=pyhd8ed1ab_0
  - webencodings=0.5.1=pyhd8ed1ab_3
  - wheel=0.47.0=pyhd8ed1ab_0
  - win_inet_pton=1.1.0=pyh7428d3b_8
  - wrapt=2.1.2=py312he06e257_0
  - xorg-libxau=1.0.12=hba3369d_1
  - xorg-libxdmcp=1.1.5=hba3369d_1
  - yaml=0.2.5=h6a83c73_3
  - zeromq=4.3.5=h507cc87_10
  - zipp=3.23.1=pyhcf101f3_0
  - zlib=1.3.2=hfd05255_2
  - zlib-ng=2.3.3=h0261ad2_1
  - zstandard=0.25.0=py312he5662c2_1
  - zstd=1.5.7=h534d264_6
  - pip:
      - absl-py == 2.4.0 --hash=sha256:88476fd881ca8aab94ffa78b7b6c632a782ab3ba1cd19c9bd423abc4fb4cd28d
      - aiobotocore == 3.5.0 --hash=sha256:49ce35bb8b96b85d3251c2cbbb2ed7a028dc0cb0d0d0801f9ccca1ccd0d41ded
      - aiohappyeyeballs == 2.6.1 --hash=sha256:f349ba8f4b75cb25c99c5c2d84e997e485204d2902a9597802b0371f09331fb8
      - aiohttp == 3.13.5 --hash=sha256:110e448e02c729bcebb18c60b9214a87ba33bac4a9fa5e9a5f139938b56c6cb1
      - aioitertools == 0.13.0 --hash=sha256:0be0292b856f08dfac90e31f4739432f4cb6d7520ab9eb73e143f4f2fa5259be
      - aiosignal == 1.4.0 --hash=sha256:053243f8b92b990551949e63930a839ff0cf0b0ebbe0597b0f3fb19e1a0fe82e
      - annotated-doc == 0.0.4 --hash=sha256:571ac1dc6991c450b25a9c2d84a3705e2ae7a53467b5d111c24fa8baabbed320
      - anyio == 4.13.0 --hash=sha256:08b310f9e24a9594186fd75b4f73f4a4152069e3853f1ed8bfbf58369f4ad708
      - anywidget == 0.10.0 --hash=sha256:a001543b55be9b4e9c9783b2f1aa0d5be733b321723d9bf30975fce840730a57
      - asgiref == 3.11.1 --hash=sha256:e8667a091e69529631969fd45dc268fa79b99c92c5fcdda727757e52146ec133
      - attrs == 26.1.0 --hash=sha256:c647aa4a12dfbad9333ca4e71fe62ddc36f4e63b2d260a37a8b83d2f043ac309
      - bayesian-optimization == 3.2.1 --hash=sha256:3da77ad606edd40d97f22597c3e7d68beae0f5368569b7beb7c38fb6444d097c
      - bioio == 3.3.0 --hash=sha256:da6c8f2cc081f63395986a1ef88e5778be9fb37ee4f444fcdad719e6fd6d1bc8
      - bioio-base == 3.3.0 --hash=sha256:cda15fc586b0b4656c7db304a31a18de1113a81abc615d041a4d660c28cf0319
      - bioio-nd2 == 1.7.0 --hash=sha256:031503a7db0447e6e871060037b25397451d6be5f5b9ebe6028519416d13e657
      - bioio-ome-tiff == 1.4.0 --hash=sha256:98107a847244a7b515c7a8c39b5119e67f4047b63661238b49b3d0cc36a86cd9
      - bioio-ome-zarr == 3.4.0 --hash=sha256:a89021d49822a1f9ac2705f0cb0a84f7085b05f04a33d782c1355618553c2a53
      - botocore == 1.42.91 --hash=sha256:7a28c3cc6bfab5724ad18899d52402b776a0de7d87fa20c3c5270bcaaf199ce8
      - cloudpickle == 3.1.2 --hash=sha256:9acb47f6afd73f60dc1df93bb801b472f05ff42fa6c84167d25cb206be1fbf4a
      - cmap == 0.7.2 --hash=sha256:ad85bcc2327351bb72ff41516d4116d74b0af89258b35a323fcccb655a64f1f2
      - crc32c == 2.8 --hash=sha256:56b3b7d015247962cf58186e06d18c3d75a1a63d709d3233509e1c50a2d36aa2
      - csbdeep == 0.8.2 --hash=sha256:5806b4ac2949c6a5737a789cf8897d7632cc9b6d0a323a12028ef165b99e5485
      - dask == 2026.3.0 --hash=sha256:be614b9242b0b38288060fb2d7696125946469c98a1c30e174883fd199e0428d
      - distributed == 2026.3.0 --hash=sha256:52518f4b3e6795e87b442e8f57788ba1ddc750c62d0835669c85927280d38f07
      - donfig == 0.8.1.post1 --hash=sha256:2a3175ce74a06109ff9307d90a230f81215cbac9a751f4d1c6194644b8204f9d
      - elementpath == 5.1.1 --hash=sha256:57637359065e60654422d8474c1749b09bb21348012b7197f868027e3c09c9b9
      - flexcache == 0.3 --hash=sha256:d43c9fea82336af6e0115e308d9d33a185390b8346a017564611f1466dcd2e32
      - flexparser == 0.4 --hash=sha256:3738b456192dcb3e15620f324c447721023c0293f6af9955b481e91d00179846
      - frozenlist == 1.8.0 --hash=sha256:34187385b08f866104f0c0617404c8eb08165ab1272e884abc89c112e9c00746
      - fsspec == 2026.3.0 --hash=sha256:d2ceafaad1b3457968ed14efa28798162f1638dbb5d2a6868a2db002a5ee39a4
      - google-crc32c == 1.8.0 --hash=sha256:3cc0c8912038065eafa603b238abf252e204accab2a704c63b9e14837a854962
      - grpcio == 1.80.0 --hash=sha256:9fe648599c0e37594c4809d81a9e77bd138cc82eb8baa71b6a86af65426723ff
      - h11 == 0.16.0 --hash=sha256:63cf8bbe7522de3bf65932fda1d9c2772064ffb3dae62d55932da54b31cb6c86
      - h5py == 3.16.0 --hash=sha256:96b422019a1c8975c2d5dadcf61d4ba6f01c31f92bbde6e4649607885fe502d6
      - hf-xet == 1.4.3 --hash=sha256:6b591fcad34e272a5b02607485e4f2a1334aebf1bc6d16ce8eb1eb8978ac2021
      - htmltools == 0.6.0 --hash=sha256:072a274ff5e2851e0acce13fc5bb2bbdbbad8268dc8b123f881c05012ce7dce0
      - httpcore == 1.0.9 --hash=sha256:2d400746a40668fc9dec9810239072b40b4484b640a8c38fd654a024c7a1bf55
      - httpx == 0.28.1 --hash=sha256:d909fcccc110f8c7faf814ca82a9a4d816bc5a6dbfea25d6591d6985b8ba59ad
      - huggingface-hub == 1.11.0 --hash=sha256:42a6de0afbfeb5e022222d36398f029679db4eb4778801aafda32257ae9131ab
      - imagecodecs == 2026.3.6 --hash=sha256:e8fba5b9ac7be109ed35070208bc1683fa17cc381ed9535a4eae200c6d883bd8
      - imageio == 2.37.3 --hash=sha256:46f5bb8522cd421c0f5ae104d8268f569d856b29eb1a13b92829d1970f32c9f0
      - importlib-metadata == 8.7.1 --hash=sha256:5a1f80bf1daa489495071efbb095d75a634cf28a8bc299581244063b53176151
      - ipywidgets == 8.1.8 --hash=sha256:ecaca67aed704a338f88f67b1181b58f821ab5dc89c1f0f5ef99db43c1c2921e
      - jmespath == 1.1.0 --hash=sha256:a5663118de4908c91729bea0acadca56526eb2698e83de10cd116ae0f4e97c64
      - joblib == 1.5.3 --hash=sha256:5fc3c5039fc5ca8c0276333a188bbd59d6b7ab37fe6632daa76bc7f9ec18e713
      - jupyterlab-widgets == 3.0.16 --hash=sha256:45fa36d9c6422cf2559198e4db481aa243c7a32d9926b500781c830c80f7ecf8
      - kerchunk == 0.2.10 --hash=sha256:7fdaa77dae25c75d3ec9402c49208f37ae51d346ab082724e3e32608438f8c66
      - lazy-loader == 0.5 --hash=sha256:ab0ea149e9c554d4ffeeb21105ac60bed7f3b4fd69b1d2360a4add51b170b005
      - lightning-utilities == 0.15.3 --hash=sha256:6c55f1bee70084a1cbeaa41ada96e4b3a0fea5909e844dd335bd80f5a73c5f91
      - linkify-it-py == 2.1.0 --hash=sha256:0d252c1594ecba2ecedc444053db5d3a9b7ec1b0dd929c8f1d74dce89f86c05e
      - locket == 1.0.0 --hash=sha256:b6c819a722f7b6bd955b80781788e4a66a55628b858d347536b7e81325a3a5e3
      - lxml == 6.1.0 --hash=sha256:bba078de0031c219e5dd06cf3e6bf8fb8e6e64a77819b358f53bb132e3e03366
      - markdown == 3.10.2 --hash=sha256:e91464b71ae3ee7afd3017d9f358ef0baf158fd9a298db92f1d4761133824c36
      - markdown-it-py == 4.0.0 --hash=sha256:87327c59b172c5011896038353a81343b6754500a08cd7a4973bb48c6d578147
      - matplotlib-scalebar == 0.9.0 --hash=sha256:5140525cd4e0c60bcade541b86571dabaf446fa69192530bd82d60b54601aa79
      - mdit-py-plugins == 0.5.0 --hash=sha256:07a08422fc1936a5d26d146759e9155ea466e842f5ab2f7d2266dd084c8dab1f
      - mdurl == 0.1.2 --hash=sha256:84008a41e51615a49fc9966191ff91509e3c40b939176e643fd50a5c2196b8f8
      - microfilm == 0.3.0 --hash=sha256:a7efcf3dff964fbcecfbab432d870a376dd52f40c23905cf1573e4eed90db35a
      - monai == 1.5.2 --hash=sha256:6c4f75d47a88c1e37521bce4b7cb1540c6f4e5ca1d43910c60f61fc2ef4ddab2
      - mpmath == 1.3.0 --hash=sha256:a0b2b9fe80bbcd81a6647ff13108738cfb482d481d826cc0e02f5b35e5c88d2c
      - multidict == 6.7.1 --hash=sha256:fcee94dfbd638784645b066074b338bc9cc155d4b4bffa4adce1615c5a426c19
      - natsort == 8.4.0 --hash=sha256:4732914fb471f56b5cce04d7bae6f164a592c7712e1c85f9ef585e197299521c
      - nd2 == 0.11.3 --hash=sha256:5cf735dc02bb7b8fb400f657f8c04e73f51c28c1032c644a7746948c13be38f9
      - networkx == 3.6.1 --hash=sha256:d47fbf302e7d9cbbb9e2555a0d267983d2aa476bac30e90dfbe5669bd57f3762
      - nvidia-cublas-cu12 == 12.6.4.1 --hash=sha256:9e4fa264f4d8a4eb0cdbd34beadc029f453b3bafae02401e999cf3d5a5af75f8
      - ome-types == 0.6.3 --hash=sha256:ce9753ff351bbc534ee5c5038d3cf60b1e4c13d69ad2e6b5a5b75de2a52521a5
      - opencv-contrib-python == 4.13.0.92 --hash=sha256:cb694dcf76bb2c8d7fa573fc1a99339e8b6640194d7778381e74cc3445369e45
      - opencv-python == 4.13.0.92 --hash=sha256:423d934c9fafb91aad38edf26efb46da91ffbc05f3f59c4b0c72e699720706f5
      - opentelemetry-api == 1.41.0 --hash=sha256:0e77c806e6a89c9e4f8d372034622f3e1418a11bdbe1c80a50b3d3397ad0fa4f
      - orjson == 3.11.8 --hash=sha256:3cf17c141617b88ced4536b2135c552490f07799f6ad565948ea07bef0dcb9a6
      - partd == 1.4.2 --hash=sha256:978e4ac767ec4ba5b86c6eaa52e5a2a3bc748a2ca839e8cc798f1cc6ce6efb0f
      - pint == 0.25.3 --hash=sha256:27eb25143bd5de9fcc4d5a4b484f16faf6b4615aa93ece6b3373a8c1a3c1b97d
      - propcache == 0.4.1 --hash=sha256:cb2d222e72399fcf5890d1d5cc1060857b9b236adff2792ff48ca2dfd46c81db
      - protobuf == 7.34.1 --hash=sha256:e97b55646e6ce5cbb0954a8c28cd39a5869b59090dfaa7df4598a7fba869468c
      - psygnal == 0.15.1 --hash=sha256:4f0ce91b9c18e92281bf2c3fc4bb4e808d90f0b023d0a37b302d354188520338
      - pydantic-extra-types == 2.11.1 --hash=sha256:1722ea2bddae5628ace25f2aa685b69978ef533123e5638cfbddb999e0100ec1
      - python-multipart == 0.0.26 --hash=sha256:c0b169f8c4484c13b0dcf2ef0ec3a4adb255c4b7d18d8e420477d2b1dd03f185
      - pytorch-lightning == 2.6.1 --hash=sha256:1f8118567ec829e3055f16cf1aa320883a86a47c836951bfd9dcfa34ec7ffd59
      - pytorch-toolbelt == 0.8.0 --hash=sha256:ccb5b0388d32bda0e42bc270d4e14a10c96b0b810eb2b52b9885f1e5d155f37d
      - questionary == 2.1.1 --hash=sha256:a51af13f345f1cdea62347589fbb6df3b290306ab8930713bfae4d475a7d4a59
      - resource-backed-dask-array == 0.1.0 --hash=sha256:ec457fa72d81f0340a67ea6557a5a5919323a11cccc978a950df29fa69fe5679
      - rich == 15.0.0 --hash=sha256:33bd4ef74232fb73fe9279a257718407f169c09b78a87ad3d296f548e27de0bb
      - s3fs == 2026.3.0 --hash=sha256:2fa40a64c03003cfa5ae0e352788d97aa78ae8f9e25ea98b28ce9d21ba10c1b8
      - safetensors == 0.7.0 --hash=sha256:d1239932053f56f3456f32eb9625590cc7582e905021f94636202a864d470755
      - scikit-image == 0.26.0 --hash=sha256:abed017474593cd3056ae0fe948d07d0747b27a085e92df5474f4955dd65aec0
      - scikit-learn == 1.8.0 --hash=sha256:35c007dedb2ffe38fe3ee7d201ebac4a2deccd2408e8621d53067733e3c74809
      - segmentation-models-pytorch == 0.5.0 --hash=sha256:c34e09047771aa4dd8878b4f899e8125700cd1f8f7db16e58c37204154151a05
      - semver == 3.0.4 --hash=sha256:9c824d87ba7f7ab4a1890799cec8596f15c1241cb473404ea1cb0c55e4b04746
      - shellingham == 1.5.4 --hash=sha256:7ecfff8f2fd72616f7481040475a65b2bf8af90a56c89140852d1120324e8686
      - shiny == 1.6.0 --hash=sha256:8e8ae840f565ecf4fb856a843fdc2d73c39e8ffe78141ccc29d802ecfce3657b
      - shinychat == 0.2.9 --hash=sha256:20e2101b22dfa2eeb5318e95b622e62ddcf5f2dd8cebe870c36673dd8eb4d901
      - shinywidgets == 0.8.0 --hash=sha256:7be5cba2d551f68668638e74a8ede61e49b98892ca5056091dd69da5df2e8c5a
      - sortedcontainers == 2.4.0 --hash=sha256:a163dcaede0f1c021485e957a39245190e74249897e2ae4b2aa38595db237ee0
      - starlette == 1.0.0 --hash=sha256:d3ec55e0bb321692d275455ddfd3df75fff145d009685eb40dc91fc66b03d38b
      - statannotations == 0.7.2 --hash=sha256:61cd63c9bcdffe37dad30bb2a33aa6aa03f28df9636eda8deae1548f91be8580
      - sympy == 1.14.0 --hash=sha256:e091cc3e99d2141a0ba2847328f5479b05d94a6635cb96148ccb3f34671bd8f5
      - tblib == 3.2.2 --hash=sha256:26bdccf339bcce6a88b2b5432c988b266ebbe63a4e593f6b578b1d2e723d2b76
      - tensorboard == 2.20.0 --hash=sha256:9dc9f978cb84c0723acf9a345d96c184f0293d18f166bb8d59ee098e6cfaaba6
      - tensorboard-data-server == 0.7.2 --hash=sha256:7e0610d205889588983836ec05dc098e80f97b7e7bbff7e994ebb78f578d0ddb
      - threadpoolctl == 3.6.0 --hash=sha256:43a0b8fd5a2928500110039e43a5eed8480b918967083ea48dc3ab9f13c4a7fb
      - tifffile == 2026.4.11 --hash=sha256:9b94ffeddb39e97601af646345e8808f885773de01b299e480ed6d3a41509ec9
      - timm == 1.0.26 --hash=sha256:985c330de5ccc3a2aa0224eb7272e6a336084702390bb7e3801f3c91603d3683
      - torch == 2.10.0 --hash=sha256:2c66c61f44c5f903046cc696d088e21062644cbe541c7f1c4eaae88b2ad23547
      - torchmetrics == 1.9.0 --hash=sha256:bfdcbff3dd1d96b3374bb2496eb39f23c4b28b8a845b6a18c313688e0d2d9ca1
      - torchvision == 0.25.0 --hash=sha256:f9c55ae8d673ab493325d1267cbd285bb94d56f99626c00ac4644de32a59ede3
      - towbintools == 0.3.19 --hash=sha256:15d588ee1c8b3e24c4d2d8529801352156913a874556d777fdc7a720a4494995
      - tqdm == 4.67.3 --hash=sha256:ee1e4c0e59148062281c49d80b25b67771a127c85fc9676d3be5f243206826bf
      - typer == 0.24.2 --hash=sha256:b618bc3d721f9a8d30f3e05565be26416d06e9bcc29d49bc491dc26aba674fa8
      - uc-micro-py == 2.0.0 --hash=sha256:3603a3859af53e5a39bc7677713c78ea6589ff188d70f4fee165db88e22b242c
      - ujson == 5.12.0 --hash=sha256:1b5c6ceb65fecd28a1d20d1eba9dbfa992612b86594e4b6d47bb580d2dd6bcb3
      - uvicorn == 0.46.0 --hash=sha256:bbebbcbed972d162afca128605223022bedd345b7bc7855ce66deb31487a9048
      - watchfiles == 1.1.1 --hash=sha256:91d4c9a823a8c987cce8fa2690923b069966dabb196dd8d137ea2cede885fde9
      - websockets == 16.0 --hash=sha256:5569417dc80977fc8c2d43a86f78e0a5a22fee17565d78621b6bb264a115d4ea
      - werkzeug == 3.1.8 --hash=sha256:63a77fb8892bf28ebc3178683445222aa500e48ebad5ec77b0ad80f8726b1f50
      - whittaker-eilers == 0.2.0 --hash=sha256:b39d462d3f5919b7bf5dccc812c838f72d4c0d73a8e3ea5bdb1fc834eeebba0f
      - widgetsnbextension == 4.0.15 --hash=sha256:8156704e4346a571d9ce73b84bee86a29906c9abfd7223b7228a28899ccf3366
      - xarray == 2026.4.0 --hash=sha256:d43751d9fb4a90f9249c30431684f00c41bc874f1edccd862631a40cbc0edf08
      - xgboost == 3.2.0 --hash=sha256:0d169736fd836fc13646c7ab787167b3a8110351c2c6bc770c755ee1618f0442
      - xmlschema == 4.3.1 --hash=sha256:9560314d70ae87be0aecb8712cfebed636f867707ccf9758d4b0645d607f64b9
      - xsdata == 26.2 --hash=sha256:85a591a4405d903416afbd4a917e8dda8ea44641a3e66d72134bc2a31b3c16b0
      - yarl == 1.23.0 --hash=sha256:f69f57305656a4852f2a7203efc661d8c042e6cc67f7acd97d8667fb448a426e
      - zarr == 3.1.6 --hash=sha256:b5a82c5079d1c3d4ee8f06746fa3b9a98a7d804300fa3f4be154362a33e1207e
      - zict == 3.0.0 --hash=sha256:5796e36bd0e0cc8cf0fbc1ace6a68912611c1dbd74750a3f3026b9b9d6a327ae
